# Files vendored from other repositories and kept byte-equal to their source by
# vendor-sync.sh, one per line: LOCAL OWNER/REPO PATH COMMIT BLOB [manual]. Never edit a
# copy in place: change it at its source and let the weekly cascade bring it back. How it
# works: references/bump-cascade.md in https://github.com/rokokol/ci-skill
vendor-sync.sh rokokol/ci-skill templates/vendor-sync.sh 974454004b06e09b0af67485f0781eb87afc3c11 65748845239e8495855de9e11fb36dd633c372c6
check-pins.sh rokokol/ci-skill templates/check-pins.sh 974454004b06e09b0af67485f0781eb87afc3c11 8c8ce5ad9c45cfc9c1d86b6ef07ec1f2bb241359
.github/workflows/vendor-sync.yml rokokol/ci-skill templates/github/workflows/vendor-sync.yml d55020ab3ca780ea6299336d923b8a3fcb8f491d a5bde77f98d55a43b2c993f4c96a952e0b68010d manual
check-sh.sh rokokol/bash-best-practices-skill check-sh.sh 7d6e178e524e0ddd87688a523bfeedbef4e1fcd9 378308dace9613c6e24e2a704518e9136c59abab
.github/workflows/macos.yml rokokol/bash-best-practices-skill templates/github/workflows/macos.yml 7a00a5e76ff757985a95e8fd2167209365148c6e aa7a3b768209f56c3afa78a4fb9d0ed560d4c678 manual
check-skill.sh rokokol/skill-authoring-skill check-skill.sh ff7f0b2694159bc6b3635929c94d2d3de20d958b 1f7ea1b976e91e3f6e00256538902693c7d2ca10
